
Microsoft Visual Studio Solution File, Format Version 12.00
# Visual Studio Version 17
VisualStudioVersion = 17.6.33723.286
MinimumVisualStudioVersion = 10.0.40219.1
Project("{FAE04EC0-301F-11D3-BF4B-00C04F79EFBC}") = "MyCenterComputer.shared", "MyCenterComputer.shared\MyCenterComputer.shared.csproj", "{946AE6F3-6FCD-405F-80B7-69ACA24F0E44}"
EndProject
Project("{FAE04EC0-301F-11D3-BF4B-00C04F79EFBC}") = "MyCenterComputer.Backend", "MyCenterComputer.Backend\MyCenterComputer.Backend.csproj", "{392A545C-73E4-4347-8BE6-F95F61FBF4F1}"
EndProject
Project("{FAE04EC0-301F-11D3-BF4B-00C04F79EFBC}") = "MyCenterComputer.Frontend", "MyCenterComputer.Frontend\MyCenterComputer.Frontend.csproj", "{2F090F26-AF32-4CB6-9139-E54EB1C9BBF6}"
EndProject
Global
	GlobalSection(SolutionConfigurationPlatforms) = preSolution
		Debug|Any CPU = Debug|Any CPU
		Release|Any CPU = Release|Any CPU
	EndGlobalSection
	GlobalSection(ProjectConfigurationPlatforms) = postSolution
		{946AE6F3-6FCD-405F-80B7-69ACA24F0E44}.Debug|Any CPU.ActiveCfg = Debug|Any CPU
		{946AE6F3-6FCD-405F-80B7-69ACA24F0E44}.Debug|Any CPU.Build.0 = Debug|Any CPU
		{946AE6F3-6FCD-405F-80B7-69ACA24F0E44}.Release|Any CPU.ActiveCfg = Release|Any CPU
		{946AE6F3-6FCD-405F-80B7-69ACA24F0E44}.Release|Any CPU.Build.0 = Release|Any CPU
		{392A545C-73E4-4347-8BE6-F95F61FBF4F1}.Debug|Any CPU.ActiveCfg = Debug|Any CPU
		{392A545C-73E4-4347-8BE6-F95F61FBF4F1}.Debug|Any CPU.Build.0 = Debug|Any CPU
		{392A545C-73E4-4347-8BE6-F95F61FBF4F1}.Release|Any CPU.ActiveCfg = Release|Any CPU
		{392A545C-73E4-4347-8BE6-F95F61FBF4F1}.Release|Any CPU.Build.0 = Release|Any CPU
		{2F090F26-AF32-4CB6-9139-E54EB1C9BBF6}.Debug|Any CPU.ActiveCfg = Debug|Any CPU
		{2F090F26-AF32-4CB6-9139-E54EB1C9BBF6}.Debug|Any CPU.Build.0 = Debug|Any CPU
		{2F090F26-AF32-4CB6-9139-E54EB1C9BBF6}.Release|Any CPU.ActiveCfg = Release|Any CPU
		{2F090F26-AF32-4CB6-9139-E54EB1C9BBF6}.Release|Any CPU.Build.0 = Release|Any CPU
	EndGlobalSection
	GlobalSection(SolutionProperties) = preSolution
		HideSolutionNode = FALSE
	EndGlobalSection
	GlobalSection(ExtensibilityGlobals) = postSolution
		SolutionGuid = {8CFBBBE8-5DCC-4AEE-BFB9-4697CA2235E6}
	EndGlobalSection
EndGlobal
